
Microsoft Visual Studio Solution File, Format Version 12.00
# Visual Studio 15
VisualStudioVersion = 15.0.27428.2015
MinimumVisualStudioVersion = 10.0.40219.1
Project("{9A19103F-16F7-4668-BE54-9A1E7A4F7556}") = "ReplaceAnalyzer", "ReplaceAnalyzer.csproj", "{EB05F03D-A361-4FA4-A0DF-A29DA54C2423}"
EndProject
Global
	GlobalSection(SolutionConfigurationPlatforms) = preSolution
		Debug|Any CPU = Debug|Any CPU
		Release|Any CPU = Release|Any CPU
	EndGlobalSection
	GlobalSection(ProjectConfigurationPlatforms) = postSolution
		{EB05F03D-A361-4FA4-A0DF-A29DA54C2423}.Debug|Any CPU.ActiveCfg = Debug|Any CPU
		{EB05F03D-A361-4FA4-A0DF-A29DA54C2423}.Debug|Any CPU.Build.0 = Debug|Any CPU
		{EB05F03D-A361-4FA4-A0DF-A29DA54C2423}.Release|Any CPU.ActiveCfg = Release|Any CPU
		{EB05F03D-A361-4FA4-A0DF-A29DA54C2423}.Release|Any CPU.Build.0 = Release|Any CPU
	EndGlobalSection
	GlobalSection(SolutionProperties) = preSolution
		HideSolutionNode = FALSE
	EndGlobalSection
	GlobalSection(ExtensibilityGlobals) = postSolution
		SolutionGuid = {CFF9FF7E-B122-4683-A8BB-AF62E833FEA1}
	EndGlobalSection
EndGlobal
